// !$*UTF8*$!
{
	archiveVersion = 1;
	classes = {
	};
	objectVersion = 46;
	objects = {

/* Begin PBXBuildFile section */
		904858291ED86351000D1EC7 /* TransactionsViewController.swift in Sources */ = {isa = PBXBuildFile; fileRef = 904858281ED86351000D1EC7 /* TransactionsViewController.swift */; };
		9048582B1ED86ECE000D1EC7 /* TransactionTableViewCell.swift in Sources */ = {isa = PBXBuildFile; fileRef = 9048582A1ED86ECE000D1EC7 /* TransactionTableViewCell.swift */; };
		907F3C251ED5A8E3005FE929 /* AppDelegate.swift in Sources */ = {isa = PBXBuildFile; fileRef = 907F3C241ED5A8E3005FE929 /* AppDelegate.swift */; };
		907F3C271ED5A8E3005FE929 /* AccountsViewController.swift in Sources */ = {isa = PBXBuildFile; fileRef = 907F3C261ED5A8E3005FE929 /* AccountsViewController.swift */; };
		907F3C2A1ED5A8E3005FE929 /* Main.storyboard in Resources */ = {isa = PBXBuildFile; fileRef = 907F3C281ED5A8E3005FE929 /* Main.storyboard */; };
		907F3C2C1ED5A8E3005FE929 /* Assets.xcassets in Resources */ = {isa = PBXBuildFile; fileRef = 907F3C2B1ED5A8E3005FE929 /* Assets.xcassets */; };
		907F3C2F1ED5A8E3005FE929 /* LaunchScreen.storyboard in Resources */ = {isa = PBXBuildFile; fileRef = 907F3C2D1ED5A8E3005FE929 /* LaunchScreen.storyboard */; };
		907F3C531ED5B836005FE929 /* HttpClient.swift in Sources */ = {isa = PBXBuildFile; fileRef = 907F3C521ED5B836005FE929 /* HttpClient.swift */; };
		907F3C561ED5BA48005FE929 /* DataModel.pb.swift in Sources */ = {isa = PBXBuildFile; fileRef = 907F3C551ED5BA48005FE929 /* DataModel.pb.swift */; };
		9BDD7A256D9E72D2457103B2 /* Pods_ProtobufSampleApp.framework in Frameworks */ = {isa = PBXBuildFile; fileRef = 28444CC7979CAC0BA4D2449E /* Pods_ProtobufSampleApp.framework */; };
/* End PBXBuildFile section */

/* Begin PBXFileReference section */
		28444CC7979CAC0BA4D2449E /* Pods_ProtobufSampleApp.framework */ = {isa = PBXFileReference; explicitFileType = wrapper.framework; includeInIndex = 0; path = Pods_ProtobufSampleApp.framework; sourceTree = BUILT_PRODUCTS_DIR; };
		87F30124A5731598B06669C9 /* Pods-ProtobufSampleApp.release.xcconfig */ = {isa = PBXFileReference; includeInIndex = 1; lastKnownFileType = text.xcconfig; name = "Pods-ProtobufSampleApp.release.xcconfig"; path = "Pods/Target Support Files/Pods-ProtobufSampleApp/Pods-ProtobufSampleApp.release.xcconfig"; sourceTree = "<group>"; };
		904858281ED86351000D1EC7 /* TransactionsViewController.swift */ = {isa = PBXFileReference; fileEncoding = 4; lastKnownFileType = sourcecode.swift; path = TransactionsViewController.swift; sourceTree = "<group>"; };
		9048582A1ED86ECE000D1EC7 /* TransactionTableViewCell.swift */ = {isa = PBXFileReference; fileEncoding = 4; lastKnownFileType = sourcecode.swift; path = TransactionTableViewCell.swift; sourceTree = "<group>"; };
		907F3C211ED5A8E3005FE929 /* ProtobufSampleApp.app */ = {isa = PBXFileReference; explicitFileType = wrapper.application; includeInIndex = 0; path = ProtobufSampleApp.app; sourceTree = BUILT_PRODUCTS_DIR; };
		907F3C241ED5A8E3005FE929 /* AppDelegate.swift */ = {isa = PBXFileReference; lastKnownFileType = sourcecode.swift; path = AppDelegate.swift; sourceTree = "<group>"; };
		907F3C261ED5A8E3005FE929 /* AccountsViewController.swift */ = {isa = PBXFileReference; lastKnownFileType = sourcecode.swift; path = AccountsViewController.swift; sourceTree = "<group>"; };
		907F3C291ED5A8E3005FE929 /* Base */ = {isa = PBXFileReference; lastKnownFileType = file.storyboard; name = Base; path = Base.lproj/Main.storyboard; sourceTree = "<group>"; };
		907F3C2B1ED5A8E3005FE929 /* Assets.xcassets */ = {isa = PBXFileReference; lastKnownFileType = folder.assetcatalog; path = Assets.xcassets; sourceTree = "<group>"; };
		907F3C2E1ED5A8E3005FE929 /* Base */ = {isa = PBXFileReference; lastKnownFileType = file.storyboard; name = Base; path = Base.lproj/LaunchScreen.storyboard; sourceTree = "<group>"; };
		907F3C301ED5A8E3005FE929 /* Info.plist */ = {isa = PBXFileReference; lastKnownFileType = text.plist.xml; path = Info.plist; sourceTree = "<group>"; };
		907F3C521ED5B836005FE929 /* HttpClient.swift */ = {isa = PBXFileReference; fileEncoding = 4; lastKnownFileType = sourcecode.swift; path = HttpClient.swift; sourceTree = "<group>"; };
		907F3C551ED5BA48005FE929 /* DataModel.pb.swift */ = {isa = PBXFileReference; fileEncoding = 4; lastKnownFileType = sourcecode.swift; path = DataModel.pb.swift; sourceTree = "<group>"; };
		A95FC2D32F517B2654341E26 /* Pods-ProtobufSampleApp.debug.xcconfig */ = {isa = PBXFileReference; includeInIndex = 1; lastKnownFileType = text.xcconfig; name = "Pods-ProtobufSampleApp.debug.xcconfig"; path = "Pods/Target Support Files/Pods-ProtobufSampleApp/Pods-ProtobufSampleApp.debug.xcconfig"; sourceTree = "<group>"; };
/* End PBXFileReference section */

/* Begin PBXFrameworksBuildPhase section */
		907F3C1E1ED5A8E3005FE929 /* Frameworks */ = {
			isa = PBXFrameworksBuildPhase;
			buildActionMask = 2147483647;
			files = (
				9BDD7A256D9E72D2457103B2 /* Pods_ProtobufSampleApp.framework in Frameworks */,
			);
			runOnlyForDeploymentPostprocessing = 0;
		};
/* End PBXFrameworksBuildPhase section */

/* Begin PBXGroup section */
		8B620A7E5AE2E1F555B33B4A /* Pods */ = {
			isa = PBXGroup;
			children = (
				A95FC2D32F517B2654341E26 /* Pods-ProtobufSampleApp.debug.xcconfig */,
				87F30124A5731598B06669C9 /* Pods-ProtobufSampleApp.release.xcconfig */,
			);
			name = Pods;
			sourceTree = "<group>";
		};
		907F3C181ED5A8E3005FE929 = {
			isa = PBXGroup;
			children = (
				907F3C231ED5A8E3005FE929 /* ProtobufSampleApp */,
				907F3C221ED5A8E3005FE929 /* Products */,
				8B620A7E5AE2E1F555B33B4A /* Pods */,
				A9B5AF5663EAD8F553B59B6B /* Frameworks */,
			);
			sourceTree = "<group>";
		};
		907F3C221ED5A8E3005FE929 /* Products */ = {
			isa = PBXGroup;
			children = (
				907F3C211ED5A8E3005FE929 /* ProtobufSampleApp.app */,
			);
			name = Products;
			sourceTree = "<group>";
		};
		907F3C231ED5A8E3005FE929 /* ProtobufSampleApp */ = {
			isa = PBXGroup;
			children = (
				907F3C551ED5BA48005FE929 /* DataModel.pb.swift */,
				907F3C241ED5A8E3005FE929 /* AppDelegate.swift */,
				907F3C261ED5A8E3005FE929 /* AccountsViewController.swift */,
				907F3C281ED5A8E3005FE929 /* Main.storyboard */,
				907F3C2B1ED5A8E3005FE929 /* Assets.xcassets */,
				907F3C2D1ED5A8E3005FE929 /* LaunchScreen.storyboard */,
				907F3C301ED5A8E3005FE929 /* Info.plist */,
				907F3C521ED5B836005FE929 /* HttpClient.swift */,
				904858281ED86351000D1EC7 /* TransactionsViewController.swift */,
				9048582A1ED86ECE000D1EC7 /* TransactionTableViewCell.swift */,
			);
			path = ProtobufSampleApp;
			sourceTree = "<group>";
		};
		A9B5AF5663EAD8F553B59B6B /* Frameworks */ = {
			isa = PBXGroup;
			children = (
				28444CC7979CAC0BA4D2449E /* Pods_ProtobufSampleApp.framework */,
			);
			name = Frameworks;
			sourceTree = "<group>";
		};
/* End PBXGroup section */

/* Begin PBXNativeTarget section */
		907F3C201ED5A8E3005FE929 /* ProtobufSampleApp */ = {
			isa = PBXNativeTarget;
			buildConfigurationList = 907F3C491ED5A8E3005FE929 /* Build configuration list for PBXNativeTarget "ProtobufSampleApp" */;
			buildPhases = (
				D14445B529748D437F30C83D /* [CP] Check Pods Manifest.lock */,
				907F3C1D1ED5A8E3005FE929 /* Sources */,
				907F3C1E1ED5A8E3005FE929 /* Frameworks */,
				907F3C1F1ED5A8E3005FE929 /* Resources */,
				3ADE4C6630CC30B4F2A8BE53 /* [CP] Embed Pods Frameworks */,
				70BFD0D5A5C9AC1AB420E243 /* [CP] Copy Pods Resources */,
			);
			buildRules = (
			);
			dependencies = (
			);
			name = ProtobufSampleApp;
			productName = ProtobufSampleApp;
			productReference = 907F3C211ED5A8E3005FE929 /* ProtobufSampleApp.app */;
			productType = "com.apple.product-type.application";
		};
/* End PBXNativeTarget section */

/* Begin PBXProject section */
		907F3C191ED5A8E3005FE929 /* Project object */ = {
			isa = PBXProject;
			attributes = {
				LastSwiftUpdateCheck = 0830;
				LastUpgradeCheck = 0830;
				ORGANIZATIONNAME = Codete;
				TargetAttributes = {
					907F3C201ED5A8E3005FE929 = {
						CreatedOnToolsVersion = 8.3.2;
						DevelopmentTeam = 784PVL6CY6;
						ProvisioningStyle = Automatic;
					};
				};
			};
			buildConfigurationList = 907F3C1C1ED5A8E3005FE929 /* Build configuration list for PBXProject "ProtobufSampleApp" */;
			compatibilityVersion = "Xcode 3.2";
			developmentRegion = English;
			hasScannedForEncodings = 0;
			knownRegions = (
				en,
				Base,
			);
			mainGroup = 907F3C181ED5A8E3005FE929;
			productRefGroup = 907F3C221ED5A8E3005FE929 /* Products */;
			projectDirPath = "";
			projectRoot = "";
			targets = (
				907F3C201ED5A8E3005FE929 /* ProtobufSampleApp */,
			);
		};
/* End PBXProject section */

/* Begin PBXResourcesBuildPhase section */
		907F3C1F1ED5A8E3005FE929 /* Resources */ = {
			isa = PBXResourcesBuildPhase;
			buildActionMask = 2147483647;
			files = (
				907F3C2F1ED5A8E3005FE929 /* LaunchScreen.storyboard in Resources */,
				907F3C2C1ED5A8E3005FE929 /* Assets.xcassets in Resources */,
				907F3C2A1ED5A8E3005FE929 /* Main.storyboard in Resources */,
			);
			runOnlyForDeploymentPostprocessing = 0;
		};
/* End PBXResourcesBuildPhase section */

/* Begin PBXShellScriptBuildPhase section */
		3ADE4C6630CC30B4F2A8BE53 /* [CP] Embed Pods Frameworks */ = {
			isa = PBXShellScriptBuildPhase;
			buildActionMask = 2147483647;
			files = (
			);
			inputPaths = (
			);
			name = "[CP] Embed Pods Frameworks";
			outputPaths = (
			);
			runOnlyForDeploymentPostprocessing = 0;
			shellPath = /bin/sh;
			shellScript = "\"${SRCROOT}/Pods/Target Support Files/Pods-ProtobufSampleApp/Pods-ProtobufSampleApp-frameworks.sh\"\n";
			showEnvVarsInLog = 0;
		};
		70BFD0D5A5C9AC1AB420E243 /* [CP] Copy Pods Resources */ = {
			isa = PBXShellScriptBuildPhase;
			buildActionMask = 2147483647;
			files = (
			);
			inputPaths = (
			);
			name = "[CP] Copy Pods Resources";
			outputPaths = (
			);
			runOnlyForDeploymentPostprocessing = 0;
			shellPath = /bin/sh;
			shellScript = "\"${SRCROOT}/Pods/Target Support Files/Pods-ProtobufSampleApp/Pods-ProtobufSampleApp-resources.sh\"\n";
			showEnvVarsInLog = 0;
		};
		D14445B529748D437F30C83D /* [CP] Check Pods Manifest.lock */ = {
			isa = PBXShellScriptBuildPhase;
			buildActionMask = 2147483647;
			files = (
			);
			inputPaths = (
			);
			name = "[CP] Check Pods Manifest.lock";
			outputPaths = (
			);
			runOnlyForDeploymentPostprocessing = 0;
			shellPath = /bin/sh;
			shellScript = "diff \"${PODS_ROOT}/../Podfile.lock\" \"${PODS_ROOT}/Manifest.lock\" > /dev/null\nif [ $? != 0 ] ; then\n    # print error to STDERR\n    echo \"error: The sandbox is not in sync with the Podfile.lock. Run 'pod install' or update your CocoaPods installation.\" >&2\n    exit 1\nfi\n";
			showEnvVarsInLog = 0;
		};
/* End PBXShellScriptBuildPhase section */

/* Begin PBXSourcesBuildPhase section */
		907F3C1D1ED5A8E3005FE929 /* Sources */ = {
			isa = PBXSourcesBuildPhase;
			buildActionMask = 2147483647;
			files = (
				907F3C561ED5BA48005FE929 /* DataModel.pb.swift in Sources */,
				907F3C271ED5A8E3005FE929 /* AccountsViewController.swift in Sources */,
				907F3C531ED5B836005FE929 /* HttpClient.swift in Sources */,
				907F3C251ED5A8E3005FE929 /* AppDelegate.swift in Sources */,
				9048582B1ED86ECE000D1EC7 /* TransactionTableViewCell.swift in Sources */,
				904858291ED86351000D1EC7 /* TransactionsViewController.swift in Sources */,
			);
			runOnlyForDeploymentPostprocessing = 0;
		};
/* End PBXSourcesBuildPhase section */

/* Begin PBXVariantGroup section */
		907F3C281ED5A8E3005FE929 /* Main.storyboard */ = {
			isa = PBXVariantGroup;
			children = (
				907F3C291ED5A8E3005FE929 /* Base */,
			);
			name = Main.storyboard;
			sourceTree = "<group>";
		};
		907F3C2D1ED5A8E3005FE929 /* LaunchScreen.storyboard */ = {
			isa = PBXVariantGroup;
			children = (
				907F3C2E1ED5A8E3005FE929 /* Base */,
			);
			name = LaunchScreen.storyboard;
			sourceTree = "<group>";
		};
/* End PBXVariantGroup section */

/* Begin XCBuildConfiguration section */
		907F3C471ED5A8E3005FE929 /* Debug */ = {
			isa = XCBuildConfiguration;
			buildSettings = {
				ALWAYS_SEARCH_USER_PATHS = NO;
				CLANG_ANALYZER_NONNULL = YES;
				CLANG_ANALYZER_NUMBER_OBJECT_CONVERSION = YES_AGGRESSIVE;
				CLANG_CXX_LANGUAGE_STANDARD = "gnu++0x";
				CLANG_CXX_LIBRARY = "libc++";
				CLANG_ENABLE_MODULES = YES;
				CLANG_ENABLE_OBJC_ARC = YES;
				CLANG_WARN_BOOL_CONVERSION = YES;
				CLANG_WARN_CONSTANT_CONVERSION = YES;
				CLANG_WARN_DIRECT_OBJC_ISA_USAGE = YES_ERROR;
				CLANG_WARN_DOCUMENTATION_COMMENTS = YES;
				CLANG_WARN_EMPTY_BODY = YES;
				CLANG_WARN_ENUM_CONVERSION = YES;
				CLANG_WARN_INFINITE_RECURSION = YES;
				CLANG_WARN_INT_CONVERSION = YES;
				CLANG_WARN_OBJC_ROOT_CLASS = YES_ERROR;
				CLANG_WARN_SUSPICIOUS_MOVE = YES;
				CLANG_WARN_UNREACHABLE_CODE = YES;
				CLANG_WARN__DUPLICATE_METHOD_MATCH = YES;
				"CODE_SIGN_IDENTITY[sdk=iphoneos*]" = "iPhone Developer";
				COPY_PHASE_STRIP = NO;
				DEBUG_INFORMATION_FORMAT = dwarf;
				ENABLE_STRICT_OBJC_MSGSEND = YES;
				ENABLE_TESTABILITY = YES;
				GCC_C_LANGUAGE_STANDARD = gnu99;
				GCC_DYNAMIC_NO_PIC = NO;
				GCC_NO_COMMON_BLOCKS = YES;
				GCC_OPTIMIZATION_LEVEL = 0;
				GCC_PREPROCESSOR_DEFINITIONS = (
					"DEBUG=1",
					"$(inherited)",
				);
				GCC_WARN_64_TO_32_BIT_CONVERSION = YES;
				GCC_WARN_ABOUT_RETURN_TYPE = YES_ERROR;
				GCC_WARN_UNDECLARED_SELECTOR = YES;
				GCC_WARN_UNINITIALIZED_AUTOS = YES_AGGRESSIVE;
				GCC_WARN_UNUSED_FUNCTION = YES;
				GCC_WARN_UNUSED_VARIABLE = YES;
				IPHONEOS_DEPLOYMENT_TARGET = 10.3;
				MTL_ENABLE_DEBUG_INFO = YES;
				ONLY_ACTIVE_ARCH = YES;
				SDKROOT = iphoneos;
				SWIFT_ACTIVE_COMPILATION_CONDITIONS = DEBUG;
				SWIFT_OPTIMIZATION_LEVEL = "-Onone";
				TARGETED_DEVICE_FAMILY = "1,2";
			};
			name = Debug;
		};
		907F3C481ED5A8E3005FE929 /* Release */ = {
			isa = XCBuildConfiguration;
			buildSettings = {
				ALWAYS_SEARCH_USER_PATHS = NO;
				CLANG_ANALYZER_NONNULL = YES;
				CLANG_ANALYZER_NUMBER_OBJECT_CONVERSION = YES_AGGRESSIVE;
				CLANG_CXX_LANGUAGE_STANDARD = "gnu++0x";
				CLANG_CXX_LIBRARY = "libc++";
				CLANG_ENABLE_MODULES = YES;
				CLANG_ENABLE_OBJC_ARC = YES;
				CLANG_WARN_BOOL_CONVERSION = YES;
				CLANG_WARN_CONSTANT_CONVERSION = YES;
				CLANG_WARN_DIRECT_OBJC_ISA_USAGE = YES_ERROR;
				CLANG_WARN_DOCUMENTATION_COMMENTS = YES;
				CLANG_WARN_EMPTY_BODY = YES;
				CLANG_WARN_ENUM_CONVERSION = YES;
				CLANG_WARN_INFINITE_RECURSION = YES;
				CLANG_WARN_INT_CONVERSION = YES;
				CLANG_WARN_OBJC_ROOT_CLASS = YES_ERROR;
				CLANG_WARN_SUSPICIOUS_MOVE = YES;
				CLANG_WARN_UNREACHABLE_CODE = YES;
				CLANG_WARN__DUPLICATE_METHOD_MATCH = YES;
				"CODE_SIGN_IDENTITY[sdk=iphoneos*]" = "iPhone Developer";
				COPY_PHASE_STRIP = NO;
				DEBUG_INFORMATION_FORMAT = "dwarf-with-dsym";
				ENABLE_NS_ASSERTIONS = NO;
				ENABLE_STRICT_OBJC_MSGSEND = YES;
				GCC_C_LANGUAGE_STANDARD = gnu99;
				GCC_NO_COMMON_BLOCKS = YES;
				GCC_WARN_64_TO_32_BIT_CONVERSION = YES;
				GCC_WARN_ABOUT_RETURN_TYPE = YES_ERROR;
				GCC_WARN_UNDECLARED_SELECTOR = YES;
				GCC_WARN_UNINITIALIZED_AUTOS = YES_AGGRESSIVE;
				GCC_WARN_UNUSED_FUNCTION = YES;
				GCC_WARN_UNUSED_VARIABLE = YES;
				IPHONEOS_DEPLOYMENT_TARGET = 10.3;
				MTL_ENABLE_DEBUG_INFO = NO;
				SDKROOT = iphoneos;
				SWIFT_OPTIMIZATION_LEVEL = "-Owholemodule";
				TARGETED_DEVICE_FAMILY = "1,2";
				VALIDATE_PRODUCT = YES;
			};
			name = Release;
		};
		907F3C4A1ED5A8E3005FE929 /* Debug */ = {
			isa = XCBuildConfiguration;
			baseConfigurationReference = A95FC2D32F517B2654341E26 /* Pods-ProtobufSampleApp.debug.xcconfig */;
			buildSettings = {
				ASSETCATALOG_COMPILER_APPICON_NAME = AppIcon;
				DEVELOPMENT_TEAM = 784PVL6CY6;
				INFOPLIST_FILE = ProtobufSampleApp/Info.plist;
				LD_RUNPATH_SEARCH_PATHS = "$(inherited) @executable_path/Frameworks";
				PRODUCT_BUNDLE_IDENTIFIER = com.codete.ProtobufSampleApp;
				PRODUCT_NAME = "$(TARGET_NAME)";
				SWIFT_VERSION = 3.0;
			};
			name = Debug;
		};
		907F3C4B1ED5A8E3005FE929 /* Release */ = {
			isa = XCBuildConfiguration;
			baseConfigurationReference = 87F30124A5731598B06669C9 /* Pods-ProtobufSampleApp.release.xcconfig */;
			buildSettings = {
				ASSETCATALOG_COMPILER_APPICON_NAME = AppIcon;
				DEVELOPMENT_TEAM = 784PVL6CY6;
				INFOPLIST_FILE = ProtobufSampleApp/Info.plist;
				LD_RUNPATH_SEARCH_PATHS = "$(inherited) @executable_path/Frameworks";
				PRODUCT_BUNDLE_IDENTIFIER = com.codete.ProtobufSampleApp;
				PRODUCT_NAME = "$(TARGET_NAME)";
				SWIFT_VERSION = 3.0;
			};
			name = Release;
		};
/* End XCBuildConfiguration section */

/* Begin XCConfigurationList section */
		907F3C1C1ED5A8E3005FE929 /* Build configuration list for PBXProject "ProtobufSampleApp" */ = {
			isa = XCConfigurationList;
			buildConfigurations = (
				907F3C471ED5A8E3005FE929 /* Debug */,
				907F3C481ED5A8E3005FE929 /* Release */,
			);
			defaultConfigurationIsVisible = 0;
			defaultConfigurationName = Release;
		};
		907F3C491ED5A8E3005FE929 /* Build configuration list for PBXNativeTarget "ProtobufSampleApp" */ = {
			isa = XCConfigurationList;
			buildConfigurations = (
				907F3C4A1ED5A8E3005FE929 /* Debug */,
				907F3C4B1ED5A8E3005FE929 /* Release */,
			);
			defaultConfigurationIsVisible = 0;
			defaultConfigurationName = Release;
		};
/* End XCConfigurationList section */
	};
	rootObject = 907F3C191ED5A8E3005FE929 /* Project object */;
}
